
Microsoft Visual Studio Solution File, Format Version 12.00
# Visual Studio Version 16
VisualStudioVersion = 16.0.30717.126
MinimumVisualStudioVersion = 10.0.40219.1
Project("{FAE04EC0-301F-11D3-BF4B-00C04F79EFBC}") = "lab3", "lab3\lab3.csproj", "{C7557680-016A-4C65-A9D8-E5FC04075483}"
EndProject
Global
	GlobalSection(SolutionConfigurationPlatforms) = preSolution
		Debug|Any CPU = Debug|Any CPU
		Release|Any CPU = Release|Any CPU
	EndGlobalSection
	GlobalSection(ProjectConfigurationPlatforms) = postSolution
		{C7557680-016A-4C65-A9D8-E5FC04075483}.Debug|Any CPU.ActiveCfg = Debug|Any CPU
		{C7557680-016A-4C65-A9D8-E5FC04075483}.Debug|Any CPU.Build.0 = Debug|Any CPU
		{C7557680-016A-4C65-A9D8-E5FC04075483}.Release|Any CPU.ActiveCfg = Release|Any CPU
		{C7557680-016A-4C65-A9D8-E5FC04075483}.Release|Any CPU.Build.0 = Release|Any CPU
	EndGlobalSection
	GlobalSection(SolutionProperties) = preSolution
		HideSolutionNode = FALSE
	EndGlobalSection
	GlobalSection(ExtensibilityGlobals) = postSolution
		SolutionGuid = {1D6A2F73-B845-4B2E-9639-45908DC6F8AD}
	EndGlobalSection
EndGlobal
